// !$*UTF8*$!
{
	archiveVersion = 1;
	classes = {
	};
	objectVersion = 51;
	objects = {

/* Begin PBXBuildFile section */
		040080182389124A00D23949 /* SJTableViewComponentTests.m in Sources */ = {isa = PBXBuildFile; fileRef = 040080172389124A00D23949 /* SJTableViewComponentTests.m */; };
		040080232389124B00D23949 /* SJTableViewComponentUITests.m in Sources */ = {isa = PBXBuildFile; fileRef = 040080222389124B00D23949 /* SJTableViewComponentUITests.m */; };
		042CB12723920BEE001F5149 /* SJTableViewImplement.m in Sources */ = {isa = PBXBuildFile; fileRef = 042CB0FE23920BEE001F5149 /* SJTableViewImplement.m */; };
		042CB12823920BEE001F5149 /* SJTableViewSection.m in Sources */ = {isa = PBXBuildFile; fileRef = 042CB10023920BEE001F5149 /* SJTableViewSection.m */; };
		042CB12923920BEE001F5149 /* UITableView+SJComponent.m in Sources */ = {isa = PBXBuildFile; fileRef = 042CB10123920BEE001F5149 /* UITableView+SJComponent.m */; };
		042CB12A23920BEE001F5149 /* Assets.xcassets in Resources */ = {isa = PBXBuildFile; fileRef = 042CB10223920BEE001F5149 /* Assets.xcassets */; };
		042CB12B23920BEE001F5149 /* ViewController.m in Sources */ = {isa = PBXBuildFile; fileRef = 042CB10323920BEE001F5149 /* ViewController.m */; };
		042CB12C23920BEE001F5149 /* LaunchScreen.storyboard in Resources */ = {isa = PBXBuildFile; fileRef = 042CB10423920BEE001F5149 /* LaunchScreen.storyboard */; };
		042CB12D23920BEE001F5149 /* Main.storyboard in Resources */ = {isa = PBXBuildFile; fileRef = 042CB10623920BEE001F5149 /* Main.storyboard */; };
		042CB12E23920BEE001F5149 /* SJLeftTitleRightCopyCellModel.m in Sources */ = {isa = PBXBuildFile; fileRef = 042CB10A23920BEE001F5149 /* SJLeftTitleRightCopyCellModel.m */; };
		042CB12F23920BEE001F5149 /* SJAvartarCellModel.m in Sources */ = {isa = PBXBuildFile; fileRef = 042CB10C23920BEE001F5149 /* SJAvartarCellModel.m */; };
		042CB13023920BEE001F5149 /* SJSectionHeaderViewModel.m in Sources */ = {isa = PBXBuildFile; fileRef = 042CB10D23920BEE001F5149 /* SJSectionHeaderViewModel.m */; };
		042CB13123920BEE001F5149 /* SJLeftTitleRightArrowCellModel.m in Sources */ = {isa = PBXBuildFile; fileRef = 042CB11123920BEE001F5149 /* SJLeftTitleRightArrowCellModel.m */; };
		042CB13223920BEE001F5149 /* SJLeftTitleRightTitleCellModel.m in Sources */ = {isa = PBXBuildFile; fileRef = 042CB11323920BEE001F5149 /* SJLeftTitleRightTitleCellModel.m */; };
		042CB13323920BEE001F5149 /* SJTableViewController.m in Sources */ = {isa = PBXBuildFile; fileRef = 042CB11623920BEE001F5149 /* SJTableViewController.m */; };
		042CB13423920BEE001F5149 /* SJLeftTitleRightCopyCell.m in Sources */ = {isa = PBXBuildFile; fileRef = 042CB11923920BEE001F5149 /* SJLeftTitleRightCopyCell.m */; };
		042CB13523920BEE001F5149 /* SJSectionHeaderView.m in Sources */ = {isa = PBXBuildFile; fileRef = 042CB11D23920BEE001F5149 /* SJSectionHeaderView.m */; };
		042CB13623920BEE001F5149 /* SJLeftTitleRightTitleCell.m in Sources */ = {isa = PBXBuildFile; fileRef = 042CB11F23920BEE001F5149 /* SJLeftTitleRightTitleCell.m */; };
		042CB13723920BEE001F5149 /* SJLeftTitleRightArrowCell.m in Sources */ = {isa = PBXBuildFile; fileRef = 042CB12023920BEE001F5149 /* SJLeftTitleRightArrowCell.m */; };
		042CB13823920BEE001F5149 /* SJAvartarCell.m in Sources */ = {isa = PBXBuildFile; fileRef = 042CB12123920BEE001F5149 /* SJAvartarCell.m */; };
		042CB13923920BEE001F5149 /* main.m in Sources */ = {isa = PBXBuildFile; fileRef = 042CB12223920BEE001F5149 /* main.m */; };
		042CB13A23920BEE001F5149 /* AppDelegate.m in Sources */ = {isa = PBXBuildFile; fileRef = 042CB12323920BEE001F5149 /* AppDelegate.m */; };
		042CB13B23920BEE001F5149 /* Info.plist in Resources */ = {isa = PBXBuildFile; fileRef = 042CB12523920BEE001F5149 /* Info.plist */; };
		04489C8524285A350007BAAC /* SJTableViewPlaceholderHeaderFooterModel.m in Sources */ = {isa = PBXBuildFile; fileRef = 04489C8424285A350007BAAC /* SJTableViewPlaceholderHeaderFooterModel.m */; };
		04489C8824285B6E0007BAAC /* SJTableViewPlaceholderHeaderFooterView.m in Sources */ = {isa = PBXBuildFile; fileRef = 04489C8724285B6E0007BAAC /* SJTableViewPlaceholderHeaderFooterView.m */; };
		048A6CEC2430E23F00E499D0 /* SJTableViewViewModel.m in Sources */ = {isa = PBXBuildFile; fileRef = 048A6CEB2430E23F00E499D0 /* SJTableViewViewModel.m */; };
		048A6CF02430E2E100E499D0 /* SJMineModel.m in Sources */ = {isa = PBXBuildFile; fileRef = 048A6CEF2430E2E100E499D0 /* SJMineModel.m */; };
		04CAE3AF24401C120097BFEC /* SJFeedListViewController.m in Sources */ = {isa = PBXBuildFile; fileRef = 04CAE3AE24401C120097BFEC /* SJFeedListViewController.m */; };
		04CAE3B224401C3C0097BFEC /* SJFeedListViewController+Configure.m in Sources */ = {isa = PBXBuildFile; fileRef = 04CAE3B124401C3C0097BFEC /* SJFeedListViewController+Configure.m */; };
		04CAE3B524401C550097BFEC /* SJFeedModel.m in Sources */ = {isa = PBXBuildFile; fileRef = 04CAE3B424401C550097BFEC /* SJFeedModel.m */; };
		04CAE3BC24401F630097BFEC /* SJFeedTextCell.m in Sources */ = {isa = PBXBuildFile; fileRef = 04CAE3BA24401F630097BFEC /* SJFeedTextCell.m */; };
		04CAE3BD24401F630097BFEC /* SJFeedTextCell.xib in Resources */ = {isa = PBXBuildFile; fileRef = 04CAE3BB24401F630097BFEC /* SJFeedTextCell.xib */; };
		04CAE3C124401F840097BFEC /* SJFeedImageCell.m in Sources */ = {isa = PBXBuildFile; fileRef = 04CAE3BF24401F840097BFEC /* SJFeedImageCell.m */; };
		04CAE3C224401F840097BFEC /* SJFeedImageCell.xib in Resources */ = {isa = PBXBuildFile; fileRef = 04CAE3C024401F840097BFEC /* SJFeedImageCell.xib */; };
		04CAE3CC24401FEF0097BFEC /* SJFeedImageCellModel.m in Sources */ = {isa = PBXBuildFile; fileRef = 04CAE3CB24401FEF0097BFEC /* SJFeedImageCellModel.m */; };
		04CAE3CF24401FFA0097BFEC /* SJFeedTextCellModel.m in Sources */ = {isa = PBXBuildFile; fileRef = 04CAE3CE24401FFA0097BFEC /* SJFeedTextCellModel.m */; };
		04CAE3D9244550230097BFEC /* SJFeedListViewController+LogicFlow.m in Sources */ = {isa = PBXBuildFile; fileRef = 04CAE3D8244550230097BFEC /* SJFeedListViewController+LogicFlow.m */; };
		04FCB93E244DC217006331D8 /* SJFeedListViewController+Adapter.m in Sources */ = {isa = PBXBuildFile; fileRef = 04FCB93D244DC217006331D8 /* SJFeedListViewController+Adapter.m */; };
		325B31528E5FE820D8979D79 /* Pods_SJTableViewComponent.framework in Frameworks */ = {isa = PBXBuildFile; fileRef = 750788471ACE6D60FD40D62E /* Pods_SJTableViewComponent.framework */; };
/* End PBXBuildFile section */

/* Begin PBXContainerItemProxy section */
		040080142389124A00D23949 /* PBXContainerItemProxy */ = {
			isa = PBXContainerItemProxy;
			containerPortal = 04007FF32389124900D23949 /* Project object */;
			proxyType = 1;
			remoteGlobalIDString = 04007FFA2389124900D23949;
			remoteInfo = SJTableViewComponent;
		};
		0400801F2389124B00D23949 /* PBXContainerItemProxy */ = {
			isa = PBXContainerItemProxy;
			containerPortal = 04007FF32389124900D23949 /* Project object */;
			proxyType = 1;
			remoteGlobalIDString = 04007FFA2389124900D23949;
			remoteInfo = SJTableViewComponent;
		};
/* End PBXContainerItemProxy section */

/* Begin PBXFileReference section */
		04007FFB2389124900D23949 /* SJTableViewComponent.app */ = {isa = PBXFileReference; explicitFileType = wrapper.application; includeInIndex = 0; path = SJTableViewComponent.app; sourceTree = BUILT_PRODUCTS_DIR; };
		040080132389124A00D23949 /* SJTableViewComponentTests.xctest */ = {isa = PBXFileReference; explicitFileType = wrapper.cfbundle; includeInIndex = 0; path = SJTableViewComponentTests.xctest; sourceTree = BUILT_PRODUCTS_DIR; };
		040080172389124A00D23949 /* SJTableViewComponentTests.m */ = {isa = PBXFileReference; lastKnownFileType = sourcecode.c.objc; path = SJTableViewComponentTests.m; sourceTree = "<group>"; };
		040080192389124A00D23949 /* Info.plist */ = {isa = PBXFileReference; lastKnownFileType = text.plist.xml; path = Info.plist; sourceTree = "<group>"; };
		0400801E2389124B00D23949 /* SJTableViewComponentUITests.xctest */ = {isa = PBXFileReference; explicitFileType = wrapper.cfbundle; includeInIndex = 0; path = SJTableViewComponentUITests.xctest; sourceTree = BUILT_PRODUCTS_DIR; };
		040080222389124B00D23949 /* SJTableViewComponentUITests.m */ = {isa = PBXFileReference; lastKnownFileType = sourcecode.c.objc; path = SJTableViewComponentUITests.m; sourceTree = "<group>"; };
		040080242389124B00D23949 /* Info.plist */ = {isa = PBXFileReference; lastKnownFileType = text.plist.xml; path = Info.plist; sourceTree = "<group>"; };
		042CB0F323920BEE001F5149 /* AppDelegate.h */ = {isa = PBXFileReference; fileEncoding = 4; lastKnownFileType = sourcecode.c.h; path = AppDelegate.h; sourceTree = "<group>"; };
		042CB0F523920BEE001F5149 /* SJTableViewComponent.h */ = {isa = PBXFileReference; fileEncoding = 4; lastKnownFileType = sourcecode.c.h; path = SJTableViewComponent.h; sourceTree = "<group>"; };
		042CB0F623920BEE001F5149 /* UITableView+SJComponent.h */ = {isa = PBXFileReference; fileEncoding = 4; lastKnownFileType = sourcecode.c.h; path = "UITableView+SJComponent.h"; sourceTree = "<group>"; };
		042CB0F823920BEE001F5149 /* SJTableViewCellProtocol.h */ = {isa = PBXFileReference; fileEncoding = 4; lastKnownFileType = sourcecode.c.h; path = SJTableViewCellProtocol.h; sourceTree = "<group>"; };
		042CB0F923920BEE001F5149 /* SJTableViewHeaderFooterModelProtocol.h */ = {isa = PBXFileReference; fileEncoding = 4; lastKnownFileType = sourcecode.c.h; path = SJTableViewHeaderFooterModelProtocol.h; sourceTree = "<group>"; };
		042CB0FA23920BEE001F5149 /* SJTableViewHeaderFooterProtocol.h */ = {isa = PBXFileReference; fileEncoding = 4; lastKnownFileType = sourcecode.c.h; path = SJTableViewHeaderFooterProtocol.h; sourceTree = "<group>"; };
		042CB0FB23920BEE001F5149 /* SJTableViewCellModelProtocol.h */ = {isa = PBXFileReference; fileEncoding = 4; lastKnownFileType = sourcecode.c.h; path = SJTableViewCellModelProtocol.h; sourceTree = "<group>"; };
		042CB0FD23920BEE001F5149 /* SJTableViewSection.h */ = {isa = PBXFileReference; fileEncoding = 4; lastKnownFileType = sourcecode.c.h; path = SJTableViewSection.h; sourceTree = "<group>"; };
		042CB0FE23920BEE001F5149 /* SJTableViewImplement.m */ = {isa = PBXFileReference; fileEncoding = 4; lastKnownFileType = sourcecode.c.objc; path = SJTableViewImplement.m; sourceTree = "<group>"; };
		042CB0FF23920BEE001F5149 /* SJTableViewImplement.h */ = {isa = PBXFileReference; fileEncoding = 4; lastKnownFileType = sourcecode.c.h; path = SJTableViewImplement.h; sourceTree = "<group>"; };
		042CB10023920BEE001F5149 /* SJTableViewSection.m */ = {isa = PBXFileReference; fileEncoding = 4; lastKnownFileType = sourcecode.c.objc; path = SJTableViewSection.m; sourceTree = "<group>"; };
		042CB10123920BEE001F5149 /* UITableView+SJComponent.m */ = {isa = PBXFileReference; fileEncoding = 4; lastKnownFileType = sourcecode.c.objc; path = "UITableView+SJComponent.m"; sourceTree = "<group>"; };
		042CB10223920BEE001F5149 /* Assets.xcassets */ = {isa = PBXFileReference; lastKnownFileType = folder.assetcatalog; path = Assets.xcassets; sourceTree = "<group>"; };
		042CB10323920BEE001F5149 /* ViewController.m */ = {isa = PBXFileReference; fileEncoding = 4; lastKnownFileType = sourcecode.c.objc; path = ViewController.m; sourceTree = "<group>"; };
		042CB10523920BEE001F5149 /* Base */ = {isa = PBXFileReference; lastKnownFileType = file.storyboard; name = Base; path = Base.lproj/LaunchScreen.storyboard; sourceTree = "<group>"; };
		042CB10723920BEE001F5149 /* Base */ = {isa = PBXFileReference; lastKnownFileType = file.storyboard; name = Base; path = Base.lproj/Main.storyboard; sourceTree = "<group>"; };
		042CB10A23920BEE001F5149 /* SJLeftTitleRightCopyCellModel.m */ = {isa = PBXFileReference; fileEncoding = 4; lastKnownFileType = sourcecode.c.objc; path = SJLeftTitleRightCopyCellModel.m; sourceTree = "<group>"; };
		042CB10B23920BEE001F5149 /* SJLeftTitleRightArrowCellModel.h */ = {isa = PBXFileReference; fileEncoding = 4; lastKnownFileType = sourcecode.c.h; path = SJLeftTitleRightArrowCellModel.h; sourceTree = "<group>"; };
		042CB10C23920BEE001F5149 /* SJAvartarCellModel.m */ = {isa = PBXFileReference; fileEncoding = 4; lastKnownFileType = sourcecode.c.objc; path = SJAvartarCellModel.m; sourceTree = "<group>"; };
		042CB10D23920BEE001F5149 /* SJSectionHeaderViewModel.m */ = {isa = PBXFileReference; fileEncoding = 4; lastKnownFileType = sourcecode.c.objc; path = SJSectionHeaderViewModel.m; sourceTree = "<group>"; };
		042CB10E23920BEE001F5149 /* SJLeftTitleRightTitleCellModel.h */ = {isa = PBXFileReference; fileEncoding = 4; lastKnownFileType = sourcecode.c.h; path = SJLeftTitleRightTitleCellModel.h; sourceTree = "<group>"; };
		042CB10F23920BEE001F5149 /* SJAvartarCellModel.h */ = {isa = PBXFileReference; fileEncoding = 4; lastKnownFileType = sourcecode.c.h; path = SJAvartarCellModel.h; sourceTree = "<group>"; };
		042CB11023920BEE001F5149 /* SJLeftTitleRightCopyCellModel.h */ = {isa = PBXFileReference; fileEncoding = 4; lastKnownFileType = sourcecode.c.h; path = SJLeftTitleRightCopyCellModel.h; sourceTree = "<group>"; };
		042CB11123920BEE001F5149 /* SJLeftTitleRightArrowCellModel.m */ = {isa = PBXFileReference; fileEncoding = 4; lastKnownFileType = sourcecode.c.objc; path = SJLeftTitleRightArrowCellModel.m; sourceTree = "<group>"; };
		042CB11223920BEE001F5149 /* SJSectionHeaderViewModel.h */ = {isa = PBXFileReference; fileEncoding = 4; lastKnownFileType = sourcecode.c.h; path = SJSectionHeaderViewModel.h; sourceTree = "<group>"; };
		042CB11323920BEE001F5149 /* SJLeftTitleRightTitleCellModel.m */ = {isa = PBXFileReference; fileEncoding = 4; lastKnownFileType = sourcecode.c.objc; path = SJLeftTitleRightTitleCellModel.m; sourceTree = "<group>"; };
		042CB11523920BEE001F5149 /* SJTableViewController.h */ = {isa = PBXFileReference; fileEncoding = 4; lastKnownFileType = sourcecode.c.h; path = SJTableViewController.h; sourceTree = "<group>"; };
		042CB11623920BEE001F5149 /* SJTableViewController.m */ = {isa = PBXFileReference; fileEncoding = 4; lastKnownFileType = sourcecode.c.objc; path = SJTableViewController.m; sourceTree = "<group>"; };
		042CB11823920BEE001F5149 /* SJLeftTitleRightTitleCell.h */ = {isa = PBXFileReference; fileEncoding = 4; lastKnownFileType = sourcecode.c.h; path = SJLeftTitleRightTitleCell.h; sourceTree = "<group>"; };
		042CB11923920BEE001F5149 /* SJLeftTitleRightCopyCell.m */ = {isa = PBXFileReference; fileEncoding = 4; lastKnownFileType = sourcecode.c.objc; path = SJLeftTitleRightCopyCell.m; sourceTree = "<group>"; };
		042CB11A23920BEE001F5149 /* SJSectionHeaderView.h */ = {isa = PBXFileReference; fileEncoding = 4; lastKnownFileType = sourcecode.c.h; path = SJSectionHeaderView.h; sourceTree = "<group>"; };
		042CB11B23920BEE001F5149 /* SJAvartarCell.h */ = {isa = PBXFileReference; fileEncoding = 4; lastKnownFileType = sourcecode.c.h; path = SJAvartarCell.h; sourceTree = "<group>"; };
		042CB11C23920BEE001F5149 /* SJLeftTitleRightArrowCell.h */ = {isa = PBXFileReference; fileEncoding = 4; lastKnownFileType = sourcecode.c.h; path = SJLeftTitleRightArrowCell.h; sourceTree = "<group>"; };
		042CB11D23920BEE001F5149 /* SJSectionHeaderView.m */ = {isa = PBXFileReference; fileEncoding = 4; lastKnownFileType = sourcecode.c.objc; path = SJSectionHeaderView.m; sourceTree = "<group>"; };
		042CB11E23920BEE001F5149 /* SJLeftTitleRightCopyCell.h */ = {isa = PBXFileReference; fileEncoding = 4; lastKnownFileType = sourcecode.c.h; path = SJLeftTitleRightCopyCell.h; sourceTree = "<group>"; };
		042CB11F23920BEE001F5149 /* SJLeftTitleRightTitleCell.m */ = {isa = PBXFileReference; fileEncoding = 4; lastKnownFileType = sourcecode.c.objc; path = SJLeftTitleRightTitleCell.m; sourceTree = "<group>"; };
		042CB12023920BEE001F5149 /* SJLeftTitleRightArrowCell.m */ = {isa = PBXFileReference; fileEncoding = 4; lastKnownFileType = sourcecode.c.objc; path = SJLeftTitleRightArrowCell.m; sourceTree = "<group>"; };
		042CB12123920BEE001F5149 /* SJAvartarCell.m */ = {isa = PBXFileReference; fileEncoding = 4; lastKnownFileType = sourcecode.c.objc; path = SJAvartarCell.m; sourceTree = "<group>"; };
		042CB12223920BEE001F5149 /* main.m */ = {isa = PBXFileReference; fileEncoding = 4; lastKnownFileType = sourcecode.c.objc; path = main.m; sourceTree = "<group>"; };
		042CB12323920BEE001F5149 /* AppDelegate.m */ = {isa = PBXFileReference; fileEncoding = 4; lastKnownFileType = sourcecode.c.objc; path = AppDelegate.m; sourceTree = "<group>"; };
		042CB12423920BEE001F5149 /* PrefixHeader.pch */ = {isa = PBXFileReference; fileEncoding = 4; lastKnownFileType = sourcecode.c.h; path = PrefixHeader.pch; sourceTree = "<group>"; };
		042CB12523920BEE001F5149 /* Info.plist */ = {isa = PBXFileReference; fileEncoding = 4; lastKnownFileType = text.plist.xml; path = Info.plist; sourceTree = "<group>"; };
		042CB12623920BEE001F5149 /* ViewController.h */ = {isa = PBXFileReference; fileEncoding = 4; lastKnownFileType = sourcecode.c.h; path = ViewController.h; sourceTree = "<group>"; };
		04489C8324285A350007BAAC /* SJTableViewPlaceholderHeaderFooterModel.h */ = {isa = PBXFileReference; lastKnownFileType = sourcecode.c.h; path = SJTableViewPlaceholderHeaderFooterModel.h; sourceTree = "<group>"; };
		04489C8424285A350007BAAC /* SJTableViewPlaceholderHeaderFooterModel.m */ = {isa = PBXFileReference; lastKnownFileType = sourcecode.c.objc; path = SJTableViewPlaceholderHeaderFooterModel.m; sourceTree = "<group>"; };
		04489C8624285B6E0007BAAC /* SJTableViewPlaceholderHeaderFooterView.h */ = {isa = PBXFileReference; lastKnownFileType = sourcecode.c.h; path = SJTableViewPlaceholderHeaderFooterView.h; sourceTree = "<group>"; };
		04489C8724285B6E0007BAAC /* SJTableViewPlaceholderHeaderFooterView.m */ = {isa = PBXFileReference; lastKnownFileType = sourcecode.c.objc; path = SJTableViewPlaceholderHeaderFooterView.m; sourceTree = "<group>"; };
		048A6CEA2430E23F00E499D0 /* SJTableViewViewModel.h */ = {isa = PBXFileReference; lastKnownFileType = sourcecode.c.h; path = SJTableViewViewModel.h; sourceTree = "<group>"; };
		048A6CEB2430E23F00E499D0 /* SJTableViewViewModel.m */ = {isa = PBXFileReference; lastKnownFileType = sourcecode.c.objc; path = SJTableViewViewModel.m; sourceTree = "<group>"; };
		048A6CEE2430E2E100E499D0 /* SJMineModel.h */ = {isa = PBXFileReference; lastKnownFileType = sourcecode.c.h; path = SJMineModel.h; sourceTree = "<group>"; };
		048A6CEF2430E2E100E499D0 /* SJMineModel.m */ = {isa = PBXFileReference; lastKnownFileType = sourcecode.c.objc; path = SJMineModel.m; sourceTree = "<group>"; };
		04CAE3AD24401C120097BFEC /* SJFeedListViewController.h */ = {isa = PBXFileReference; lastKnownFileType = sourcecode.c.h; path = SJFeedListViewController.h; sourceTree = "<group>"; };
		04CAE3AE24401C120097BFEC /* SJFeedListViewController.m */ = {isa = PBXFileReference; lastKnownFileType = sourcecode.c.objc; path = SJFeedListViewController.m; sourceTree = "<group>"; };
		04CAE3B024401C3C0097BFEC /* SJFeedListViewController+Configure.h */ = {isa = PBXFileReference; lastKnownFileType = sourcecode.c.h; path = "SJFeedListViewController+Configure.h"; sourceTree = "<group>"; };
		04CAE3B124401C3C0097BFEC /* SJFeedListViewController+Configure.m */ = {isa = PBXFileReference; lastKnownFileType = sourcecode.c.objc; path = "SJFeedListViewController+Configure.m"; sourceTree = "<group>"; };
		04CAE3B324401C550097BFEC /* SJFeedModel.h */ = {isa = PBXFileReference; lastKnownFileType = sourcecode.c.h; path = SJFeedModel.h; sourceTree = "<group>"; };
		04CAE3B424401C550097BFEC /* SJFeedModel.m */ = {isa = PBXFileReference; lastKnownFileType = sourcecode.c.objc; path = SJFeedModel.m; sourceTree = "<group>"; };
		04CAE3B924401F630097BFEC /* SJFeedTextCell.h */ = {isa = PBXFileReference; lastKnownFileType = sourcecode.c.h; path = SJFeedTextCell.h; sourceTree = "<group>"; };
		04CAE3BA24401F630097BFEC /* SJFeedTextCell.m */ = {isa = PBXFileReference; lastKnownFileType = sourcecode.c.objc; path = SJFeedTextCell.m; sourceTree = "<group>"; };
		04CAE3BB24401F630097BFEC /* SJFeedTextCell.xib */ = {isa = PBXFileReference; lastKnownFileType = file.xib; path = SJFeedTextCell.xib; sourceTree = "<group>"; };
		04CAE3BE24401F840097BFEC /* SJFeedImageCell.h */ = {isa = PBXFileReference; lastKnownFileType = sourcecode.c.h; path = SJFeedImageCell.h; sourceTree = "<group>"; };
		04CAE3BF24401F840097BFEC /* SJFeedImageCell.m */ = {isa = PBXFileReference; lastKnownFileType = sourcecode.c.objc; path = SJFeedImageCell.m; sourceTree = "<group>"; };
		04CAE3C024401F840097BFEC /* SJFeedImageCell.xib */ = {isa = PBXFileReference; lastKnownFileType = file.xib; path = SJFeedImageCell.xib; sourceTree = "<group>"; };
		04CAE3CA24401FEF0097BFEC /* SJFeedImageCellModel.h */ = {isa = PBXFileReference; lastKnownFileType = sourcecode.c.h; path = SJFeedImageCellModel.h; sourceTree = "<group>"; };
		04CAE3CB24401FEF0097BFEC /* SJFeedImageCellModel.m */ = {isa = PBXFileReference; lastKnownFileType = sourcecode.c.objc; path = SJFeedImageCellModel.m; sourceTree = "<group>"; };
		04CAE3CD24401FFA0097BFEC /* SJFeedTextCellModel.h */ = {isa = PBXFileReference; lastKnownFileType = sourcecode.c.h; path = SJFeedTextCellModel.h; sourceTree = "<group>"; };
		04CAE3CE24401FFA0097BFEC /* SJFeedTextCellModel.m */ = {isa = PBXFileReference; lastKnownFileType = sourcecode.c.objc; path = SJFeedTextCellModel.m; sourceTree = "<group>"; };
		04CAE3D7244550230097BFEC /* SJFeedListViewController+LogicFlow.h */ = {isa = PBXFileReference; lastKnownFileType = sourcecode.c.h; path = "SJFeedListViewController+LogicFlow.h"; sourceTree = "<group>"; };
		04CAE3D8244550230097BFEC /* SJFeedListViewController+LogicFlow.m */ = {isa = PBXFileReference; lastKnownFileType = sourcecode.c.objc; path = "SJFeedListViewController+LogicFlow.m"; sourceTree = "<group>"; };
		04FCB93C244DC217006331D8 /* SJFeedListViewController+Adapter.h */ = {isa = PBXFileReference; lastKnownFileType = sourcecode.c.h; path = "SJFeedListViewController+Adapter.h"; sourceTree = "<group>"; };
		04FCB93D244DC217006331D8 /* SJFeedListViewController+Adapter.m */ = {isa = PBXFileReference; lastKnownFileType = sourcecode.c.objc; path = "SJFeedListViewController+Adapter.m"; sourceTree = "<group>"; };
		45706CE49F29351E72BC631B /* Pods-SJTableViewComponent.debug.xcconfig */ = {isa = PBXFileReference; includeInIndex = 1; lastKnownFileType = text.xcconfig; name = "Pods-SJTableViewComponent.debug.xcconfig"; path = "Target Support Files/Pods-SJTableViewComponent/Pods-SJTableViewComponent.debug.xcconfig"; sourceTree = "<group>"; };
		750788471ACE6D60FD40D62E /* Pods_SJTableViewComponent.framework */ = {isa = PBXFileReference; explicitFileType = wrapper.framework; includeInIndex = 0; path = Pods_SJTableViewComponent.framework; sourceTree = BUILT_PRODUCTS_DIR; };
		CD59C8393F4BD032BCAB54B3 /* Pods-SJTableViewComponent.release.xcconfig */ = {isa = PBXFileReference; includeInIndex = 1; lastKnownFileType = text.xcconfig; name = "Pods-SJTableViewComponent.release.xcconfig"; path = "Target Support Files/Pods-SJTableViewComponent/Pods-SJTableViewComponent.release.xcconfig"; sourceTree = "<group>"; };
/* End PBXFileReference section */

/* Begin PBXFrameworksBuildPhase section */
		04007FF82389124900D23949 /* Frameworks */ = {
			isa = PBXFrameworksBuildPhase;
			buildActionMask = 2147483647;
			files = (
				325B31528E5FE820D8979D79 /* Pods_SJTableViewComponent.framework in Frameworks */,
			);
			runOnlyForDeploymentPostprocessing = 0;
		};
		040080102389124A00D23949 /* Frameworks */ = {
			isa = PBXFrameworksBuildPhase;
			buildActionMask = 2147483647;
			files = (
			);
			runOnlyForDeploymentPostprocessing = 0;
		};
		0400801B2389124B00D23949 /* Frameworks */ = {
			isa = PBXFrameworksBuildPhase;
			buildActionMask = 2147483647;
			files = (
			);
			runOnlyForDeploymentPostprocessing = 0;
		};
/* End PBXFrameworksBuildPhase section */

/* Begin PBXGroup section */
		04007FF22389124900D23949 = {
			isa = PBXGroup;
			children = (
				042CB0F223920BEE001F5149 /* SJTableViewComponentDemo */,
				040080162389124A00D23949 /* SJTableViewComponentTests */,
				040080212389124B00D23949 /* SJTableViewComponentUITests */,
				04007FFC2389124900D23949 /* Products */,
				3A8BC165B4B73AE66BBD6412 /* Pods */,
				AB33D169B4A6D857AA51BF80 /* Frameworks */,
			);
			sourceTree = "<group>";
		};
		04007FFC2389124900D23949 /* Products */ = {
			isa = PBXGroup;
			children = (
				04007FFB2389124900D23949 /* SJTableViewComponent.app */,
				040080132389124A00D23949 /* SJTableViewComponentTests.xctest */,
				0400801E2389124B00D23949 /* SJTableViewComponentUITests.xctest */,
			);
			name = Products;
			sourceTree = "<group>";
		};
		040080162389124A00D23949 /* SJTableViewComponentTests */ = {
			isa = PBXGroup;
			children = (
				040080172389124A00D23949 /* SJTableViewComponentTests.m */,
				040080192389124A00D23949 /* Info.plist */,
			);
			path = SJTableViewComponentTests;
			sourceTree = "<group>";
		};
		040080212389124B00D23949 /* SJTableViewComponentUITests */ = {
			isa = PBXGroup;
			children = (
				040080222389124B00D23949 /* SJTableViewComponentUITests.m */,
				040080242389124B00D23949 /* Info.plist */,
			);
			path = SJTableViewComponentUITests;
			sourceTree = "<group>";
		};
		042CB0F223920BEE001F5149 /* SJTableViewComponentDemo */ = {
			isa = PBXGroup;
			children = (
				042CB0F423920BEE001F5149 /* SJTableViewComponent */,
				04CAE3A924401B700097BFEC /* MVCS架构案例 */,
				042CB10823920BEE001F5149 /* 使用案例1 */,
				042CB0F323920BEE001F5149 /* AppDelegate.h */,
				042CB12323920BEE001F5149 /* AppDelegate.m */,
				042CB10223920BEE001F5149 /* Assets.xcassets */,
				042CB12523920BEE001F5149 /* Info.plist */,
				042CB10423920BEE001F5149 /* LaunchScreen.storyboard */,
				042CB12223920BEE001F5149 /* main.m */,
				042CB10623920BEE001F5149 /* Main.storyboard */,
				042CB12423920BEE001F5149 /* PrefixHeader.pch */,
				042CB12623920BEE001F5149 /* ViewController.h */,
				042CB10323920BEE001F5149 /* ViewController.m */,
			);
			path = SJTableViewComponentDemo;
			sourceTree = "<group>";
		};
		042CB0F423920BEE001F5149 /* SJTableViewComponent */ = {
			isa = PBXGroup;
			children = (
				042CB0F523920BEE001F5149 /* SJTableViewComponent.h */,
				042CB0F623920BEE001F5149 /* UITableView+SJComponent.h */,
				042CB10123920BEE001F5149 /* UITableView+SJComponent.m */,
				04489C82242858C90007BAAC /* Defalut */,
				042CB0F723920BEE001F5149 /* Protocol */,
				042CB0FC23920BEE001F5149 /* TableViewImplement */,
			);
			path = SJTableViewComponent;
			sourceTree = "<group>";
		};
		042CB0F723920BEE001F5149 /* Protocol */ = {
			isa = PBXGroup;
			children = (
				042CB0F823920BEE001F5149 /* SJTableViewCellProtocol.h */,
				042CB0F923920BEE001F5149 /* SJTableViewHeaderFooterModelProtocol.h */,
				042CB0FA23920BEE001F5149 /* SJTableViewHeaderFooterProtocol.h */,
				042CB0FB23920BEE001F5149 /* SJTableViewCellModelProtocol.h */,
			);
			path = Protocol;
			sourceTree = "<group>";
		};
		042CB0FC23920BEE001F5149 /* TableViewImplement */ = {
			isa = PBXGroup;
			children = (
				042CB0FF23920BEE001F5149 /* SJTableViewImplement.h */,
				042CB0FE23920BEE001F5149 /* SJTableViewImplement.m */,
				042CB0FD23920BEE001F5149 /* SJTableViewSection.h */,
				042CB10023920BEE001F5149 /* SJTableViewSection.m */,
			);
			path = TableViewImplement;
			sourceTree = "<group>";
		};
		042CB10823920BEE001F5149 /* 使用案例1 */ = {
			isa = PBXGroup;
			children = (
				048A6CED2430E29800E499D0 /* Model */,
				042CB10923920BEE001F5149 /* ViewModel */,
				042CB11423920BEE001F5149 /* Controller */,
				042CB11723920BEE001F5149 /* View */,
			);
			path = "使用案例1";
			sourceTree = "<group>";
		};
		042CB10923920BEE001F5149 /* ViewModel */ = {
			isa = PBXGroup;
			children = (
				042CB10F23920BEE001F5149 /* SJAvartarCellModel.h */,
				042CB10C23920BEE001F5149 /* SJAvartarCellModel.m */,
				042CB10B23920BEE001F5149 /* SJLeftTitleRightArrowCellModel.h */,
				042CB11123920BEE001F5149 /* SJLeftTitleRightArrowCellModel.m */,
				042CB11023920BEE001F5149 /* SJLeftTitleRightCopyCellModel.h */,
				042CB10A23920BEE001F5149 /* SJLeftTitleRightCopyCellModel.m */,
				042CB10E23920BEE001F5149 /* SJLeftTitleRightTitleCellModel.h */,
				042CB11323920BEE001F5149 /* SJLeftTitleRightTitleCellModel.m */,
				042CB11223920BEE001F5149 /* SJSectionHeaderViewModel.h */,
				042CB10D23920BEE001F5149 /* SJSectionHeaderViewModel.m */,
				048A6CEA2430E23F00E499D0 /* SJTableViewViewModel.h */,
				048A6CEB2430E23F00E499D0 /* SJTableViewViewModel.m */,
			);
			path = ViewModel;
			sourceTree = "<group>";
		};
		042CB11423920BEE001F5149 /* Controller */ = {
			isa = PBXGroup;
			children = (
				042CB11523920BEE001F5149 /* SJTableViewController.h */,
				042CB11623920BEE001F5149 /* SJTableViewController.m */,
			);
			path = Controller;
			sourceTree = "<group>";
		};
		042CB11723920BEE001F5149 /* View */ = {
			isa = PBXGroup;
			children = (
				042CB11B23920BEE001F5149 /* SJAvartarCell.h */,
				042CB12123920BEE001F5149 /* SJAvartarCell.m */,
				042CB11C23920BEE001F5149 /* SJLeftTitleRightArrowCell.h */,
				042CB12023920BEE001F5149 /* SJLeftTitleRightArrowCell.m */,
				042CB11E23920BEE001F5149 /* SJLeftTitleRightCopyCell.h */,
				042CB11923920BEE001F5149 /* SJLeftTitleRightCopyCell.m */,
				042CB11823920BEE001F5149 /* SJLeftTitleRightTitleCell.h */,
				042CB11F23920BEE001F5149 /* SJLeftTitleRightTitleCell.m */,
				042CB11A23920BEE001F5149 /* SJSectionHeaderView.h */,
				042CB11D23920BEE001F5149 /* SJSectionHeaderView.m */,
			);
			path = View;
			sourceTree = "<group>";
		};
		04489C82242858C90007BAAC /* Defalut */ = {
			isa = PBXGroup;
			children = (
				04489C8324285A350007BAAC /* SJTableViewPlaceholderHeaderFooterModel.h */,
				04489C8424285A350007BAAC /* SJTableViewPlaceholderHeaderFooterModel.m */,
				04489C8624285B6E0007BAAC /* SJTableViewPlaceholderHeaderFooterView.h */,
				04489C8724285B6E0007BAAC /* SJTableViewPlaceholderHeaderFooterView.m */,
			);
			path = Defalut;
			sourceTree = "<group>";
		};
		048A6CED2430E29800E499D0 /* Model */ = {
			isa = PBXGroup;
			children = (
				048A6CEE2430E2E100E499D0 /* SJMineModel.h */,
				048A6CEF2430E2E100E499D0 /* SJMineModel.m */,
			);
			path = Model;
			sourceTree = "<group>";
		};
		04CAE3A924401B700097BFEC /* MVCS架构案例 */ = {
			isa = PBXGroup;
			children = (
				04CAE3AD24401C120097BFEC /* SJFeedListViewController.h */,
				04CAE3AE24401C120097BFEC /* SJFeedListViewController.m */,
				04CAE3B024401C3C0097BFEC /* SJFeedListViewController+Configure.h */,
				04CAE3B124401C3C0097BFEC /* SJFeedListViewController+Configure.m */,
				04CAE3D7244550230097BFEC /* SJFeedListViewController+LogicFlow.h */,
				04CAE3D8244550230097BFEC /* SJFeedListViewController+LogicFlow.m */,
				04FCB93C244DC217006331D8 /* SJFeedListViewController+Adapter.h */,
				04FCB93D244DC217006331D8 /* SJFeedListViewController+Adapter.m */,
				04CAE3AB24401B700097BFEC /* Model */,
				04CAE3AC24401B700097BFEC /* View */,
			);
			path = "MVCS架构案例";
			sourceTree = "<group>";
		};
		04CAE3AB24401B700097BFEC /* Model */ = {
			isa = PBXGroup;
			children = (
				04CAE3D6244550040097BFEC /* FeedModel */,
				04CAE3C624401FB30097BFEC /* Image Cell Model */,
				04CAE3C524401FA80097BFEC /* Text Cell Model */,
			);
			path = Model;
			sourceTree = "<group>";
		};
		04CAE3AC24401B700097BFEC /* View */ = {
			isa = PBXGroup;
			children = (
				04CAE3C424401F960097BFEC /* Image Cell */,
				04CAE3C324401F880097BFEC /* Text Cell */,
			);
			path = View;
			sourceTree = "<group>";
		};
		04CAE3C324401F880097BFEC /* Text Cell */ = {
			isa = PBXGroup;
			children = (
				04CAE3B924401F630097BFEC /* SJFeedTextCell.h */,
				04CAE3BA24401F630097BFEC /* SJFeedTextCell.m */,
				04CAE3BB24401F630097BFEC /* SJFeedTextCell.xib */,
			);
			path = "Text Cell";
			sourceTree = "<group>";
		};
		04CAE3C424401F960097BFEC /* Image Cell */ = {
			isa = PBXGroup;
			children = (
				04CAE3BE24401F840097BFEC /* SJFeedImageCell.h */,
				04CAE3BF24401F840097BFEC /* SJFeedImageCell.m */,
				04CAE3C024401F840097BFEC /* SJFeedImageCell.xib */,
			);
			path = "Image Cell";
			sourceTree = "<group>";
		};
		04CAE3C524401FA80097BFEC /* Text Cell Model */ = {
			isa = PBXGroup;
			children = (
				04CAE3CD24401FFA0097BFEC /* SJFeedTextCellModel.h */,
				04CAE3CE24401FFA0097BFEC /* SJFeedTextCellModel.m */,
			);
			path = "Text Cell Model";
			sourceTree = "<group>";
		};
		04CAE3C624401FB30097BFEC /* Image Cell Model */ = {
			isa = PBXGroup;
			children = (
				04CAE3CA24401FEF0097BFEC /* SJFeedImageCellModel.h */,
				04CAE3CB24401FEF0097BFEC /* SJFeedImageCellModel.m */,
			);
			path = "Image Cell Model";
			sourceTree = "<group>";
		};
		04CAE3D6244550040097BFEC /* FeedModel */ = {
			isa = PBXGroup;
			children = (
				04CAE3B324401C550097BFEC /* SJFeedModel.h */,
				04CAE3B424401C550097BFEC /* SJFeedModel.m */,
			);
			path = FeedModel;
			sourceTree = "<group>";
		};
		3A8BC165B4B73AE66BBD6412 /* Pods */ = {
			isa = PBXGroup;
			children = (
				45706CE49F29351E72BC631B /* Pods-SJTableViewComponent.debug.xcconfig */,
				CD59C8393F4BD032BCAB54B3 /* Pods-SJTableViewComponent.release.xcconfig */,
			);
			path = Pods;
			sourceTree = "<group>";
		};
		AB33D169B4A6D857AA51BF80 /* Frameworks */ = {
			isa = PBXGroup;
			children = (
				750788471ACE6D60FD40D62E /* Pods_SJTableViewComponent.framework */,
			);
			name = Frameworks;
			sourceTree = "<group>";
		};
/* End PBXGroup section */

/* Begin PBXNativeTarget section */
		04007FFA2389124900D23949 /* SJTableViewComponent */ = {
			isa = PBXNativeTarget;
			buildConfigurationList = 040080272389124B00D23949 /* Build configuration list for PBXNativeTarget "SJTableViewComponent" */;
			buildPhases = (
				1D8717ACF204D62B8FD284F8 /* [CP] Check Pods Manifest.lock */,
				04007FF72389124900D23949 /* Sources */,
				04007FF82389124900D23949 /* Frameworks */,
				04007FF92389124900D23949 /* Resources */,
				25B8C20629511D303207D110 /* [CP] Embed Pods Frameworks */,
			);
			buildRules = (
			);
			dependencies = (
			);
			name = SJTableViewComponent;
			productName = SJTableViewComponent;
			productReference = 04007FFB2389124900D23949 /* SJTableViewComponent.app */;
			productType = "com.apple.product-type.application";
		};
		040080122389124A00D23949 /* SJTableViewComponentTests */ = {
			isa = PBXNativeTarget;
			buildConfigurationList = 0400802A2389124B00D23949 /* Build configuration list for PBXNativeTarget "SJTableViewComponentTests" */;
			buildPhases = (
				0400800F2389124A00D23949 /* Sources */,
				040080102389124A00D23949 /* Frameworks */,
				040080112389124A00D23949 /* Resources */,
			);
			buildRules = (
			);
			dependencies = (
				040080152389124A00D23949 /* PBXTargetDependency */,
			);
			name = SJTableViewComponentTests;
			productName = SJTableViewComponentTests;
			productReference = 040080132389124A00D23949 /* SJTableViewComponentTests.xctest */;
			productType = "com.apple.product-type.bundle.unit-test";
		};
		0400801D2389124B00D23949 /* SJTableViewComponentUITests */ = {
			isa = PBXNativeTarget;
			buildConfigurationList = 0400802D2389124B00D23949 /* Build configuration list for PBXNativeTarget "SJTableViewComponentUITests" */;
			buildPhases = (
				0400801A2389124B00D23949 /* Sources */,
				0400801B2389124B00D23949 /* Frameworks */,
				0400801C2389124B00D23949 /* Resources */,
			);
			buildRules = (
			);
			dependencies = (
				040080202389124B00D23949 /* PBXTargetDependency */,
			);
			name = SJTableViewComponentUITests;
			productName = SJTableViewComponentUITests;
			productReference = 0400801E2389124B00D23949 /* SJTableViewComponentUITests.xctest */;
			productType = "com.apple.product-type.bundle.ui-testing";
		};
/* End PBXNativeTarget section */

/* Begin PBXProject section */
		04007FF32389124900D23949 /* Project object */ = {
			isa = PBXProject;
			attributes = {
				LastUpgradeCheck = 1030;
				ORGANIZATIONNAME = SUNJUN;
				TargetAttributes = {
					04007FFA2389124900D23949 = {
						CreatedOnToolsVersion = 10.3;
					};
					040080122389124A00D23949 = {
						CreatedOnToolsVersion = 10.3;
						TestTargetID = 04007FFA2389124900D23949;
					};
					0400801D2389124B00D23949 = {
						CreatedOnToolsVersion = 10.3;
						TestTargetID = 04007FFA2389124900D23949;
					};
				};
			};
			buildConfigurationList = 04007FF62389124900D23949 /* Build configuration list for PBXProject "SJTableViewComponent" */;
			compatibilityVersion = "Xcode 9.3";
			developmentRegion = en;
			hasScannedForEncodings = 0;
			knownRegions = (
				en,
				Base,
			);
			mainGroup = 04007FF22389124900D23949;
			productRefGroup = 04007FFC2389124900D23949 /* Products */;
			projectDirPath = "";
			projectRoot = "";
			targets = (
				04007FFA2389124900D23949 /* SJTableViewComponent */,
				040080122389124A00D23949 /* SJTableViewComponentTests */,
				0400801D2389124B00D23949 /* SJTableViewComponentUITests */,
			);
		};
/* End PBXProject section */

/* Begin PBXResourcesBuildPhase section */
		04007FF92389124900D23949 /* Resources */ = {
			isa = PBXResourcesBuildPhase;
			buildActionMask = 2147483647;
			files = (
				04CAE3BD24401F630097BFEC /* SJFeedTextCell.xib in Resources */,
				042CB13B23920BEE001F5149 /* Info.plist in Resources */,
				04CAE3C224401F840097BFEC /* SJFeedImageCell.xib in Resources */,
				042CB12D23920BEE001F5149 /* Main.storyboard in Resources */,
				042CB12A23920BEE001F5149 /* Assets.xcassets in Resources */,
				042CB12C23920BEE001F5149 /* LaunchScreen.storyboard in Resources */,
			);
			runOnlyForDeploymentPostprocessing = 0;
		};
		040080112389124A00D23949 /* Resources */ = {
			isa = PBXResourcesBuildPhase;
			buildActionMask = 2147483647;
			files = (
			);
			runOnlyForDeploymentPostprocessing = 0;
		};
		0400801C2389124B00D23949 /* Resources */ = {
			isa = PBXResourcesBuildPhase;
			buildActionMask = 2147483647;
			files = (
			);
			runOnlyForDeploymentPostprocessing = 0;
		};
/* End PBXResourcesBuildPhase section */

/* Begin PBXShellScriptBuildPhase section */
		1D8717ACF204D62B8FD284F8 /* [CP] Check Pods Manifest.lock */ = {
			isa = PBXShellScriptBuildPhase;
			buildActionMask = 2147483647;
			files = (
			);
			inputFileListPaths = (
			);
			inputPaths = (
				"${PODS_PODFILE_DIR_PATH}/Podfile.lock",
				"${PODS_ROOT}/Manifest.lock",
			);
			name = "[CP] Check Pods Manifest.lock";
			outputFileListPaths = (
			);
			outputPaths = (
				"$(DERIVED_FILE_DIR)/Pods-SJTableViewComponent-checkManifestLockResult.txt",
			);
			runOnlyForDeploymentPostprocessing = 0;
			shellPath = /bin/sh;
			shellScript = "diff \"${PODS_PODFILE_DIR_PATH}/Podfile.lock\" \"${PODS_ROOT}/Manifest.lock\" > /dev/null\nif [ $? != 0 ] ; then\n    # print error to STDERR\n    echo \"error: The sandbox is not in sync with the Podfile.lock. Run 'pod install' or update your CocoaPods installation.\" >&2\n    exit 1\nfi\n# This output is used by Xcode 'outputs' to avoid re-running this script phase.\necho \"SUCCESS\" > \"${SCRIPT_OUTPUT_FILE_0}\"\n";
			showEnvVarsInLog = 0;
		};
		25B8C20629511D303207D110 /* [CP] Embed Pods Frameworks */ = {
			isa = PBXShellScriptBuildPhase;
			buildActionMask = 2147483647;
			files = (
			);
			inputFileListPaths = (
				"${PODS_ROOT}/Target Support Files/Pods-SJTableViewComponent/Pods-SJTableViewComponent-frameworks-${CONFIGURATION}-input-files.xcfilelist",
			);
			name = "[CP] Embed Pods Frameworks";
			outputFileListPaths = (
				"${PODS_ROOT}/Target Support Files/Pods-SJTableViewComponent/Pods-SJTableViewComponent-frameworks-${CONFIGURATION}-output-files.xcfilelist",
			);
			runOnlyForDeploymentPostprocessing = 0;
			shellPath = /bin/sh;
			shellScript = "\"${PODS_ROOT}/Target Support Files/Pods-SJTableViewComponent/Pods-SJTableViewComponent-frameworks.sh\"\n";
			showEnvVarsInLog = 0;
		};
/* End PBXShellScriptBuildPhase section */

/* Begin PBXSourcesBuildPhase section */
		04007FF72389124900D23949 /* Sources */ = {
			isa = PBXSourcesBuildPhase;
			buildActionMask = 2147483647;
			files = (
				042CB13823920BEE001F5149 /* SJAvartarCell.m in Sources */,
				042CB13323920BEE001F5149 /* SJTableViewController.m in Sources */,
				04CAE3C124401F840097BFEC /* SJFeedImageCell.m in Sources */,
				042CB12823920BEE001F5149 /* SJTableViewSection.m in Sources */,
				042CB13423920BEE001F5149 /* SJLeftTitleRightCopyCell.m in Sources */,
				04489C8524285A350007BAAC /* SJTableViewPlaceholderHeaderFooterModel.m in Sources */,
				04FCB93E244DC217006331D8 /* SJFeedListViewController+Adapter.m in Sources */,
				04CAE3BC24401F630097BFEC /* SJFeedTextCell.m in Sources */,
				048A6CEC2430E23F00E499D0 /* SJTableViewViewModel.m in Sources */,
				048A6CF02430E2E100E499D0 /* SJMineModel.m in Sources */,
				042CB13023920BEE001F5149 /* SJSectionHeaderViewModel.m in Sources */,
				042CB13623920BEE001F5149 /* SJLeftTitleRightTitleCell.m in Sources */,
				04CAE3D9244550230097BFEC /* SJFeedListViewController+LogicFlow.m in Sources */,
				042CB13923920BEE001F5149 /* main.m in Sources */,
				042CB13723920BEE001F5149 /* SJLeftTitleRightArrowCell.m in Sources */,
				04CAE3CF24401FFA0097BFEC /* SJFeedTextCellModel.m in Sources */,
				042CB12723920BEE001F5149 /* SJTableViewImplement.m in Sources */,
				042CB12F23920BEE001F5149 /* SJAvartarCellModel.m in Sources */,
				04CAE3AF24401C120097BFEC /* SJFeedListViewController.m in Sources */,
				042CB12B23920BEE001F5149 /* ViewController.m in Sources */,
				042CB12923920BEE001F5149 /* UITableView+SJComponent.m in Sources */,
				042CB13123920BEE001F5149 /* SJLeftTitleRightArrowCellModel.m in Sources */,
				04CAE3B224401C3C0097BFEC /* SJFeedListViewController+Configure.m in Sources */,
				04CAE3B524401C550097BFEC /* SJFeedModel.m in Sources */,
				042CB13223920BEE001F5149 /* SJLeftTitleRightTitleCellModel.m in Sources */,
				042CB13A23920BEE001F5149 /* AppDelegate.m in Sources */,
				042CB13523920BEE001F5149 /* SJSectionHeaderView.m in Sources */,
				042CB12E23920BEE001F5149 /* SJLeftTitleRightCopyCellModel.m in Sources */,
				04CAE3CC24401FEF0097BFEC /* SJFeedImageCellModel.m in Sources */,
				04489C8824285B6E0007BAAC /* SJTableViewPlaceholderHeaderFooterView.m in Sources */,
			);
			runOnlyForDeploymentPostprocessing = 0;
		};
		0400800F2389124A00D23949 /* Sources */ = {
			isa = PBXSourcesBuildPhase;
			buildActionMask = 2147483647;
			files = (
				040080182389124A00D23949 /* SJTableViewComponentTests.m in Sources */,
			);
			runOnlyForDeploymentPostprocessing = 0;
		};
		0400801A2389124B00D23949 /* Sources */ = {
			isa = PBXSourcesBuildPhase;
			buildActionMask = 2147483647;
			files = (
				040080232389124B00D23949 /* SJTableViewComponentUITests.m in Sources */,
			);
			runOnlyForDeploymentPostprocessing = 0;
		};
/* End PBXSourcesBuildPhase section */

/* Begin PBXTargetDependency section */
		040080152389124A00D23949 /* PBXTargetDependency */ = {
			isa = PBXTargetDependency;
			target = 04007FFA2389124900D23949 /* SJTableViewComponent */;
			targetProxy = 040080142389124A00D23949 /* PBXContainerItemProxy */;
		};
		040080202389124B00D23949 /* PBXTargetDependency */ = {
			isa = PBXTargetDependency;
			target = 04007FFA2389124900D23949 /* SJTableViewComponent */;
			targetProxy = 0400801F2389124B00D23949 /* PBXContainerItemProxy */;
		};
/* End PBXTargetDependency section */

/* Begin PBXVariantGroup section */
		042CB10423920BEE001F5149 /* LaunchScreen.storyboard */ = {
			isa = PBXVariantGroup;
			children = (
				042CB10523920BEE001F5149 /* Base */,
			);
			name = LaunchScreen.storyboard;
			sourceTree = "<group>";
		};
		042CB10623920BEE001F5149 /* Main.storyboard */ = {
			isa = PBXVariantGroup;
			children = (
				042CB10723920BEE001F5149 /* Base */,
			);
			name = Main.storyboard;
			sourceTree = "<group>";
		};
/* End PBXVariantGroup section */

/* Begin XCBuildConfiguration section */
		040080252389124B00D23949 /* Debug */ = {
			isa = XCBuildConfiguration;
			buildSettings = {
				ALWAYS_SEARCH_USER_PATHS = NO;
				CLANG_ANALYZER_NONNULL = YES;
				CLANG_ANALYZER_NUMBER_OBJECT_CONVERSION = YES_AGGRESSIVE;
				CLANG_CXX_LANGUAGE_STANDARD = "gnu++14";
				CLANG_CXX_LIBRARY = "libc++";
				CLANG_ENABLE_MODULES = YES;
				CLANG_ENABLE_OBJC_ARC = YES;
				CLANG_ENABLE_OBJC_WEAK = YES;
				CLANG_WARN_BLOCK_CAPTURE_AUTORELEASING = YES;
				CLANG_WARN_BOOL_CONVERSION = YES;
				CLANG_WARN_COMMA = YES;
				CLANG_WARN_CONSTANT_CONVERSION = YES;
				CLANG_WARN_DEPRECATED_OBJC_IMPLEMENTATIONS = YES;
				CLANG_WARN_DIRECT_OBJC_ISA_USAGE = YES_ERROR;
				CLANG_WARN_DOCUMENTATION_COMMENTS = YES;
				CLANG_WARN_EMPTY_BODY = YES;
				CLANG_WARN_ENUM_CONVERSION = YES;
				CLANG_WARN_INFINITE_RECURSION = YES;
				CLANG_WARN_INT_CONVERSION = YES;
				CLANG_WARN_NON_LITERAL_NULL_CONVERSION = YES;
				CLANG_WARN_OBJC_IMPLICIT_RETAIN_SELF = YES;
				CLANG_WARN_OBJC_LITERAL_CONVERSION = YES;
				CLANG_WARN_OBJC_ROOT_CLASS = YES_ERROR;
				CLANG_WARN_RANGE_LOOP_ANALYSIS = YES;
				CLANG_WARN_STRICT_PROTOTYPES = YES;
				CLANG_WARN_SUSPICIOUS_MOVE = YES;
				CLANG_WARN_UNGUARDED_AVAILABILITY = YES_AGGRESSIVE;
				CLANG_WARN_UNREACHABLE_CODE = YES;
				CLANG_WARN__DUPLICATE_METHOD_MATCH = YES;
				CODE_SIGN_IDENTITY = "iPhone Developer";
				COPY_PHASE_STRIP = NO;
				DEBUG_INFORMATION_FORMAT = dwarf;
				ENABLE_STRICT_OBJC_MSGSEND = YES;
				ENABLE_TESTABILITY = YES;
				GCC_C_LANGUAGE_STANDARD = gnu11;
				GCC_DYNAMIC_NO_PIC = NO;
				GCC_NO_COMMON_BLOCKS = YES;
				GCC_OPTIMIZATION_LEVEL = 0;
				GCC_PREPROCESSOR_DEFINITIONS = (
					"DEBUG=1",
					"$(inherited)",
				);
				GCC_WARN_64_TO_32_BIT_CONVERSION = YES;
				GCC_WARN_ABOUT_RETURN_TYPE = YES_ERROR;
				GCC_WARN_UNDECLARED_SELECTOR = YES;
				GCC_WARN_UNINITIALIZED_AUTOS = YES_AGGRESSIVE;
				GCC_WARN_UNUSED_FUNCTION = YES;
				GCC_WARN_UNUSED_VARIABLE = YES;
				IPHONEOS_DEPLOYMENT_TARGET = 12.4;
				MTL_ENABLE_DEBUG_INFO = INCLUDE_SOURCE;
				MTL_FAST_MATH = YES;
				ONLY_ACTIVE_ARCH = YES;
				SDKROOT = iphoneos;
			};
			name = Debug;
		};
		040080262389124B00D23949 /* Release */ = {
			isa = XCBuildConfiguration;
			buildSettings = {
				ALWAYS_SEARCH_USER_PATHS = NO;
				CLANG_ANALYZER_NONNULL = YES;
				CLANG_ANALYZER_NUMBER_OBJECT_CONVERSION = YES_AGGRESSIVE;
				CLANG_CXX_LANGUAGE_STANDARD = "gnu++14";
				CLANG_CXX_LIBRARY = "libc++";
				CLANG_ENABLE_MODULES = YES;
				CLANG_ENABLE_OBJC_ARC = YES;
				CLANG_ENABLE_OBJC_WEAK = YES;
				CLANG_WARN_BLOCK_CAPTURE_AUTORELEASING = YES;
				CLANG_WARN_BOOL_CONVERSION = YES;
				CLANG_WARN_COMMA = YES;
				CLANG_WARN_CONSTANT_CONVERSION = YES;
				CLANG_WARN_DEPRECATED_OBJC_IMPLEMENTATIONS = YES;
				CLANG_WARN_DIRECT_OBJC_ISA_USAGE = YES_ERROR;
				CLANG_WARN_DOCUMENTATION_COMMENTS = YES;
				CLANG_WARN_EMPTY_BODY = YES;
				CLANG_WARN_ENUM_CONVERSION = YES;
				CLANG_WARN_INFINITE_RECURSION = YES;
				CLANG_WARN_INT_CONVERSION = YES;
				CLANG_WARN_NON_LITERAL_NULL_CONVERSION = YES;
				CLANG_WARN_OBJC_IMPLICIT_RETAIN_SELF = YES;
				CLANG_WARN_OBJC_LITERAL_CONVERSION = YES;
				CLANG_WARN_OBJC_ROOT_CLASS = YES_ERROR;
				CLANG_WARN_RANGE_LOOP_ANALYSIS = YES;
				CLANG_WARN_STRICT_PROTOTYPES = YES;
				CLANG_WARN_SUSPICIOUS_MOVE = YES;
				CLANG_WARN_UNGUARDED_AVAILABILITY = YES_AGGRESSIVE;
				CLANG_WARN_UNREACHABLE_CODE = YES;
				CLANG_WARN__DUPLICATE_METHOD_MATCH = YES;
				CODE_SIGN_IDENTITY = "iPhone Developer";
				COPY_PHASE_STRIP = NO;
				DEBUG_INFORMATION_FORMAT = "dwarf-with-dsym";
				ENABLE_NS_ASSERTIONS = NO;
				ENABLE_STRICT_OBJC_MSGSEND = YES;
				GCC_C_LANGUAGE_STANDARD = gnu11;
				GCC_NO_COMMON_BLOCKS = YES;
				GCC_WARN_64_TO_32_BIT_CONVERSION = YES;
				GCC_WARN_ABOUT_RETURN_TYPE = YES_ERROR;
				GCC_WARN_UNDECLARED_SELECTOR = YES;
				GCC_WARN_UNINITIALIZED_AUTOS = YES_AGGRESSIVE;
				GCC_WARN_UNUSED_FUNCTION = YES;
				GCC_WARN_UNUSED_VARIABLE = YES;
				IPHONEOS_DEPLOYMENT_TARGET = 12.4;
				MTL_ENABLE_DEBUG_INFO = NO;
				MTL_FAST_MATH = YES;
				SDKROOT = iphoneos;
				VALIDATE_PRODUCT = YES;
			};
			name = Release;
		};
		040080282389124B00D23949 /* Debug */ = {
			isa = XCBuildConfiguration;
			baseConfigurationReference = 45706CE49F29351E72BC631B /* Pods-SJTableViewComponent.debug.xcconfig */;
			buildSettings = {
				ASSETCATALOG_COMPILER_APPICON_NAME = AppIcon;
				CODE_SIGN_STYLE = Automatic;
				DEVELOPMENT_TEAM = 89RABUQZ2F;
				GCC_PREFIX_HEADER = "$(SRCROOT)/SJTableViewComponentDemo/PrefixHeader.pch";
				INFOPLIST_FILE = "$(SRCROOT)/SJTableViewComponentDemo/Info.plist";
				IPHONEOS_DEPLOYMENT_TARGET = 9.0;
				LD_RUNPATH_SEARCH_PATHS = (
					"$(inherited)",
					"@executable_path/Frameworks",
				);
				MARKETING_VERSION = 1.1.3;
				PRODUCT_BUNDLE_IDENTIFIER = HZMK.SJTableViewComponent;
				PRODUCT_NAME = "$(TARGET_NAME)";
				TARGETED_DEVICE_FAMILY = "1,2";
			};
			name = Debug;
		};
		040080292389124B00D23949 /* Release */ = {
			isa = XCBuildConfiguration;
			baseConfigurationReference = CD59C8393F4BD032BCAB54B3 /* Pods-SJTableViewComponent.release.xcconfig */;
			buildSettings = {
				ASSETCATALOG_COMPILER_APPICON_NAME = AppIcon;
				CODE_SIGN_STYLE = Automatic;
				DEVELOPMENT_TEAM = 89RABUQZ2F;
				GCC_PREFIX_HEADER = "$(SRCROOT)/SJTableViewComponentDemo/PrefixHeader.pch";
				INFOPLIST_FILE = "$(SRCROOT)/SJTableViewComponentDemo/Info.plist";
				IPHONEOS_DEPLOYMENT_TARGET = 9.0;
				LD_RUNPATH_SEARCH_PATHS = (
					"$(inherited)",
					"@executable_path/Frameworks",
				);
				MARKETING_VERSION = 1.1.3;
				PRODUCT_BUNDLE_IDENTIFIER = HZMK.SJTableViewComponent;
				PRODUCT_NAME = "$(TARGET_NAME)";
				TARGETED_DEVICE_FAMILY = "1,2";
			};
			name = Release;
		};
		0400802B2389124B00D23949 /* Debug */ = {
			isa = XCBuildConfiguration;
			buildSettings = {
				BUNDLE_LOADER = "$(TEST_HOST)";
				CODE_SIGN_STYLE = Automatic;
				DEVELOPMENT_TEAM = Q6Q27M6XY7;
				INFOPLIST_FILE = SJTableViewComponentTests/Info.plist;
				LD_RUNPATH_SEARCH_PATHS = (
					"$(inherited)",
					"@executable_path/Frameworks",
					"@loader_path/Frameworks",
				);
				PRODUCT_BUNDLE_IDENTIFIER = HZMK.SJTableViewComponentTests;
				PRODUCT_NAME = "$(TARGET_NAME)";
				TARGETED_DEVICE_FAMILY = "1,2";
				TEST_HOST = "$(BUILT_PRODUCTS_DIR)/SJTableViewComponent.app/SJTableViewComponent";
			};
			name = Debug;
		};
		0400802C2389124B00D23949 /* Release */ = {
			isa = XCBuildConfiguration;
			buildSettings = {
				BUNDLE_LOADER = "$(TEST_HOST)";
				CODE_SIGN_STYLE = Automatic;
				DEVELOPMENT_TEAM = Q6Q27M6XY7;
				INFOPLIST_FILE = SJTableViewComponentTests/Info.plist;
				LD_RUNPATH_SEARCH_PATHS = (
					"$(inherited)",
					"@executable_path/Frameworks",
					"@loader_path/Frameworks",
				);
				PRODUCT_BUNDLE_IDENTIFIER = HZMK.SJTableViewComponentTests;
				PRODUCT_NAME = "$(TARGET_NAME)";
				TARGETED_DEVICE_FAMILY = "1,2";
				TEST_HOST = "$(BUILT_PRODUCTS_DIR)/SJTableViewComponent.app/SJTableViewComponent";
			};
			name = Release;
		};
		0400802E2389124B00D23949 /* Debug */ = {
			isa = XCBuildConfiguration;
			buildSettings = {
				CODE_SIGN_STYLE = Automatic;
				DEVELOPMENT_TEAM = Q6Q27M6XY7;
				INFOPLIST_FILE = SJTableViewComponentUITests/Info.plist;
				LD_RUNPATH_SEARCH_PATHS = (
					"$(inherited)",
					"@executable_path/Frameworks",
					"@loader_path/Frameworks",
				);
				PRODUCT_BUNDLE_IDENTIFIER = HZMK.SJTableViewComponentUITests;
				PRODUCT_NAME = "$(TARGET_NAME)";
				TARGETED_DEVICE_FAMILY = "1,2";
				TEST_TARGET_NAME = SJTableViewComponent;
			};
			name = Debug;
		};
		0400802F2389124B00D23949 /* Release */ = {
			isa = XCBuildConfiguration;
			buildSettings = {
				CODE_SIGN_STYLE = Automatic;
				DEVELOPMENT_TEAM = Q6Q27M6XY7;
				INFOPLIST_FILE = SJTableViewComponentUITests/Info.plist;
				LD_RUNPATH_SEARCH_PATHS = (
					"$(inherited)",
					"@executable_path/Frameworks",
					"@loader_path/Frameworks",
				);
				PRODUCT_BUNDLE_IDENTIFIER = HZMK.SJTableViewComponentUITests;
				PRODUCT_NAME = "$(TARGET_NAME)";
				TARGETED_DEVICE_FAMILY = "1,2";
				TEST_TARGET_NAME = SJTableViewComponent;
			};
			name = Release;
		};
/* End XCBuildConfiguration section */

/* Begin XCConfigurationList section */
		04007FF62389124900D23949 /* Build configuration list for PBXProject "SJTableViewComponent" */ = {
			isa = XCConfigurationList;
			buildConfigurations = (
				040080252389124B00D23949 /* Debug */,
				040080262389124B00D23949 /* Release */,
			);
			defaultConfigurationIsVisible = 0;
			defaultConfigurationName = Release;
		};
		040080272389124B00D23949 /* Build configuration list for PBXNativeTarget "SJTableViewComponent" */ = {
			isa = XCConfigurationList;
			buildConfigurations = (
				040080282389124B00D23949 /* Debug */,
				040080292389124B00D23949 /* Release */,
			);
			defaultConfigurationIsVisible = 0;
			defaultConfigurationName = Release;
		};
		0400802A2389124B00D23949 /* Build configuration list for PBXNativeTarget "SJTableViewComponentTests" */ = {
			isa = XCConfigurationList;
			buildConfigurations = (
				0400802B2389124B00D23949 /* Debug */,
				0400802C2389124B00D23949 /* Release */,
			);
			defaultConfigurationIsVisible = 0;
			defaultConfigurationName = Release;
		};
		0400802D2389124B00D23949 /* Build configuration list for PBXNativeTarget "SJTableViewComponentUITests" */ = {
			isa = XCConfigurationList;
			buildConfigurations = (
				0400802E2389124B00D23949 /* Debug */,
				0400802F2389124B00D23949 /* Release */,
			);
			defaultConfigurationIsVisible = 0;
			defaultConfigurationName = Release;
		};
/* End XCConfigurationList section */
	};
	rootObject = 04007FF32389124900D23949 /* Project object */;
}
